dependencies:
- name: redis
  repository: oci://registry-1.docker.io/bitnamicharts
  version: 22.0.7
- name: worker_go
  repository: file://../../workers/golang/helm
  version: 0.0.1
- name: worker_py
  repository: file://../../workers/python/helm
  version: 0.0.1
- name: worker_js
  repository: file://../../workers/javascript/helm
  version: 0.0.1
digest: sha256:d11a5b7ab1777dbbae659fc8f395928a4276ec00bafcac271b881db2e91e3109
generated: "2025-09-18T11:21:07.601016-04:00"
