dependencies:
- name: valkey
  repository: oci://registry-1.docker.io/bitnamicharts
  version: 5.1.4
- name: worker_go
  repository: file://../../workers/golang/helm
  version: 0.0.1
- name: worker_py
  repository: file://../../workers/python/helm
  version: 0.0.1
- name: worker_js
  repository: file://../../workers/javascript/helm
  version: 0.0.1
- name: ephemeral_worker
  repository: file://../../workers/ephemeral/helm
  version: 0.0.1
digest: sha256:5fa4ea9370261e9ae98c2ca9affec746927d003a9d9b9c2436bfadd95655d529
generated: "2026-01-27T19:32:41.149626-05:00"
