{
  "name": "worker.js",
  "version": "0.0.1",
  "lockfileVersion": 3,
  "requires": true,
  "packages": {
    "": {
      "name": "worker.js",
      "version": "0.0.1",
      "devDependencies": {
        "pnpm": "9.7.1"
      },
      "engines": {
        "node": "20.16.0",
        "npm": "^10.8.1",
        "pnpm": "9.7.1"
      }
    },
    "node_modules/pnpm": {
      "version": "9.7.1",
      "resolved": "https://registry.npmjs.org/pnpm/-/pnpm-9.7.1.tgz",
      "integrity": "sha512-+vNEry1splxMXIwiJOp3qBpeiFnLxOBrFRHdzi8BUVEkMd0Z5q/zHyxqj18qztm9InPh/tfdTeGGiYQFnSxCRw==",
      "dev": true,
      "license": "MIT",
      "bin": {
        "pnpm": "bin/pnpm.cjs",
        "pnpx": "bin/pnpx.cjs"
      },
      "engines": {
        "node": ">=18.12"
      },
      "funding": {
        "url": "https://opencollective.com/pnpm"
      }
    }
  }
}
